
Microsoft Visual Studio Solution File, Format Version 12.00
Project("{FAE04EC0-301F-11D3-BF4B-00C04F79EFBC}") = "VMManager.Console", "VMManager.Console\VMManager.Console.csproj", "{4CE1D900-859A-45D7-B60A-47B59173327A}"
EndProject
Project("{FAE04EC0-301F-11D3-BF4B-00C04F79EFBC}") = "VMManager.BLL", "VMManager.BLL\VMManager.BLL.csproj", "{8B2F4A1C-9E3D-4F5A-8C7B-2D1E9F6A3B4C}"
EndProject
Global
	GlobalSection(SolutionConfigurationPlatforms) = preSolution
		Debug|Any CPU = Debug|Any CPU
		Release|Any CPU = Release|Any CPU
	EndGlobalSection
	GlobalSection(ProjectConfigurationPlatforms) = postSolution
		{4CE1D900-859A-45D7-B60A-47B59173327A}.Debug|Any CPU.ActiveCfg = Debug|Any CPU
		{4CE1D900-859A-45D7-B60A-47B59173327A}.Debug|Any CPU.Build.0 = Debug|Any CPU
		{4CE1D900-859A-45D7-B60A-47B59173327A}.Release|Any CPU.ActiveCfg = Release|Any CPU
		{4CE1D900-859A-45D7-B60A-47B59173327A}.Release|Any CPU.Build.0 = Release|Any CPU
		{8B2F4A1C-9E3D-4F5A-8C7B-2D1E9F6A3B4C}.Debug|Any CPU.ActiveCfg = Debug|Any CPU
		{8B2F4A1C-9E3D-4F5A-8C7B-2D1E9F6A3B4C}.Debug|Any CPU.Build.0 = Debug|Any CPU
		{8B2F4A1C-9E3D-4F5A-8C7B-2D1E9F6A3B4C}.Release|Any CPU.ActiveCfg = Release|Any CPU
		{8B2F4A1C-9E3D-4F5A-8C7B-2D1E9F6A3B4C}.Release|Any CPU.Build.0 = Release|Any CPU
	EndGlobalSection
EndGlobal
